
Microsoft Visual Studio Solution File, Format Version 12.00
# Visual Studio 2012
Project("{FAE04EC0-301F-11D3-BF4B-00C04F79EFBC}") = "Mambo", "Mambo.csproj", "{61B6752D-EBFA-4AB3-80C4-3EC80F135BF1}"
EndProject
Project("{FAE04EC0-301F-11D3-BF4B-00C04F79EFBC}") = "Mambo.iOS", "iOS\Mambo.iOS.csproj", "{889E65CC-78C7-48E5-9EE5-1FF8407EB631}"
EndProject
Project("{FAE04EC0-301F-11D3-BF4B-00C04F79EFBC}") = "Mambo.Android", "Android\Mambo.Android.csproj", "{E290173A-A1D1-4463-955B-760C5A7CCB51}"
EndProject
Project("{FAE04EC0-301F-11D3-BF4B-00C04F79EFBC}") = "Mambo.UITests", "UITests\Mambo.UITests.csproj", "{D0C72370-D4F1-43AA-9D11-E8F2728DE2F5}"
EndProject
Project("{2150E333-8FDC-42A3-9474-1A3956D46DE8}") = "Test", "Test", "{69C4F5D2-27E1-4B1B-B1F4-D4F39118B4CA}"
EndProject
Project("{2150E333-8FDC-42A3-9474-1A3956D46DE8}") = "Target", "Target", "{BFE01070-FB79-4B8C-8FF9-387B95077F74}"
EndProject
Project("{2150E333-8FDC-42A3-9474-1A3956D46DE8}") = "Target", "Target", "{DA04F551-7664-4B15-A2BF-3649D2A7DBA2}"
EndProject
Project("{2150E333-8FDC-42A3-9474-1A3956D46DE8}") = "Shared", "Shared", "{9810BC26-DC99-4506-9E8D-7B9FE02D77F3}"
EndProject
Project("{2150E333-8FDC-42A3-9474-1A3956D46DE8}") = "Shared", "Shared", "{3BECC2EC-772B-4A8F-AE0B-4FCD071260C9}"
EndProject
Project("{FAE04EC0-301F-11D3-BF4B-00C04F79EFBC}") = "Mambo.FunctionalTests", "Mambo.FunctionalTests\Mambo.FunctionalTests.csproj", "{516777E1-973A-4610-9783-62A45CDE798E}"
EndProject
Project("{FAE04EC0-301F-11D3-BF4B-00C04F79EFBC}") = "Mambo.FunctionalTests.Android", "Mambo.FunctionalTests.Android\Mambo.FunctionalTests.Android.csproj", "{8AF82B78-A883-4774-AE4A-79B6FCE1AA78}"
EndProject
Project("{FAE04EC0-301F-11D3-BF4B-00C04F79EFBC}") = "Mambo.FunctionalTests.iOS", "Mambo.FunctionalTests.iOS\Mambo.FunctionalTests.iOS.csproj", "{D2258105-7278-455D-AFCF-9E04AF60D814}"
EndProject
Project("{FAE04EC0-301F-11D3-BF4B-00C04F79EFBC}") = "Mobishop.Core", "Mobishop.Core\Mobishop.Core.csproj", "{75D10ED0-B784-4BAB-81E1-792D88126078}"
EndProject
Project("{FAE04EC0-301F-11D3-BF4B-00C04F79EFBC}") = "Mobishop.UI", "Mobishop.UI\Mobishop.UI.csproj", "{EBF47729-9702-455F-9CD7-B608B2C68BA3}"
EndProject
Global
	GlobalSection(SolutionConfigurationPlatforms) = preSolution
		Debug|Any CPU = Debug|Any CPU
		Release|Any CPU = Release|Any CPU
		Debug|iPhoneSimulator = Debug|iPhoneSimulator
		Release|iPhone = Release|iPhone
		Release|iPhoneSimulator = Release|iPhoneSimulator
		Debug|iPhone = Debug|iPhone
	EndGlobalSection
	GlobalSection(ProjectConfigurationPlatforms) = postSolution
		{61B6752D-EBFA-4AB3-80C4-3EC80F135BF1}.Debug|Any CPU.ActiveCfg = Debug|Any CPU
		{61B6752D-EBFA-4AB3-80C4-3EC80F135BF1}.Debug|Any CPU.Build.0 = Debug|Any CPU
		{61B6752D-EBFA-4AB3-80C4-3EC80F135BF1}.Release|Any CPU.ActiveCfg = Release|Any CPU
		{61B6752D-EBFA-4AB3-80C4-3EC80F135BF1}.Release|Any CPU.Build.0 = Release|Any CPU
		{61B6752D-EBFA-4AB3-80C4-3EC80F135BF1}.Debug|iPhoneSimulator.ActiveCfg = Debug|Any CPU
		{61B6752D-EBFA-4AB3-80C4-3EC80F135BF1}.Debug|iPhoneSimulator.Build.0 = Debug|Any CPU
		{61B6752D-EBFA-4AB3-80C4-3EC80F135BF1}.Release|iPhone.ActiveCfg = Release|Any CPU
		{61B6752D-EBFA-4AB3-80C4-3EC80F135BF1}.Release|iPhone.Build.0 = Release|Any CPU
		{61B6752D-EBFA-4AB3-80C4-3EC80F135BF1}.Release|iPhoneSimulator.ActiveCfg = Release|Any CPU
		{61B6752D-EBFA-4AB3-80C4-3EC80F135BF1}.Release|iPhoneSimulator.Build.0 = Release|Any CPU
		{61B6752D-EBFA-4AB3-80C4-3EC80F135BF1}.Debug|iPhone.ActiveCfg = Debug|Any CPU
		{61B6752D-EBFA-4AB3-80C4-3EC80F135BF1}.Debug|iPhone.Build.0 = Debug|Any CPU
		{889E65CC-78C7-48E5-9EE5-1FF8407EB631}.Debug|Any CPU.ActiveCfg = Debug|iPhoneSimulator
		{889E65CC-78C7-48E5-9EE5-1FF8407EB631}.Debug|Any CPU.Build.0 = Debug|iPhoneSimulator
		{889E65CC-78C7-48E5-9EE5-1FF8407EB631}.Release|Any CPU.ActiveCfg = Debug|iPhoneSimulator
		{889E65CC-78C7-48E5-9EE5-1FF8407EB631}.Release|Any CPU.Build.0 = Debug|iPhoneSimulator
		{889E65CC-78C7-48E5-9EE5-1FF8407EB631}.Debug|iPhoneSimulator.ActiveCfg = Debug|iPhoneSimulator
		{889E65CC-78C7-48E5-9EE5-1FF8407EB631}.Debug|iPhoneSimulator.Build.0 = Debug|iPhoneSimulator
		{889E65CC-78C7-48E5-9EE5-1FF8407EB631}.Release|iPhone.ActiveCfg = Release|iPhone
		{889E65CC-78C7-48E5-9EE5-1FF8407EB631}.Release|iPhone.Build.0 = Release|iPhone
		{889E65CC-78C7-48E5-9EE5-1FF8407EB631}.Release|iPhoneSimulator.ActiveCfg = Release|iPhoneSimulator
		{889E65CC-78C7-48E5-9EE5-1FF8407EB631}.Release|iPhoneSimulator.Build.0 = Release|iPhoneSimulator
		{889E65CC-78C7-48E5-9EE5-1FF8407EB631}.Debug|iPhone.ActiveCfg = Debug|iPhone
		{889E65CC-78C7-48E5-9EE5-1FF8407EB631}.Debug|iPhone.Build.0 = Debug|iPhone
		{E290173A-A1D1-4463-955B-760C5A7CCB51}.Debug|Any CPU.ActiveCfg = Debug|Any CPU
		{E290173A-A1D1-4463-955B-760C5A7CCB51}.Debug|Any CPU.Build.0 = Debug|Any CPU
		{E290173A-A1D1-4463-955B-760C5A7CCB51}.Release|Any CPU.ActiveCfg = Release|Any CPU
		{E290173A-A1D1-4463-955B-760C5A7CCB51}.Release|Any CPU.Build.0 = Release|Any CPU
		{E290173A-A1D1-4463-955B-760C5A7CCB51}.Debug|iPhoneSimulator.ActiveCfg = Debug|Any CPU
		{E290173A-A1D1-4463-955B-760C5A7CCB51}.Debug|iPhoneSimulator.Build.0 = Debug|Any CPU
		{E290173A-A1D1-4463-955B-760C5A7CCB51}.Release|iPhone.ActiveCfg = Release|Any CPU
		{E290173A-A1D1-4463-955B-760C5A7CCB51}.Release|iPhone.Build.0 = Release|Any CPU
		{E290173A-A1D1-4463-955B-760C5A7CCB51}.Release|iPhoneSimulator.ActiveCfg = Release|Any CPU
		{E290173A-A1D1-4463-955B-760C5A7CCB51}.Release|iPhoneSimulator.Build.0 = Release|Any CPU
		{E290173A-A1D1-4463-955B-760C5A7CCB51}.Debug|iPhone.ActiveCfg = Debug|Any CPU
		{E290173A-A1D1-4463-955B-760C5A7CCB51}.Debug|iPhone.Build.0 = Debug|Any CPU
		{D0C72370-D4F1-43AA-9D11-E8F2728DE2F5}.Debug|Any CPU.ActiveCfg = Debug|Any CPU
		{D0C72370-D4F1-43AA-9D11-E8F2728DE2F5}.Debug|Any CPU.Build.0 = Debug|Any CPU
		{D0C72370-D4F1-43AA-9D11-E8F2728DE2F5}.Release|Any CPU.ActiveCfg = Release|Any CPU
		{D0C72370-D4F1-43AA-9D11-E8F2728DE2F5}.Release|Any CPU.Build.0 = Release|Any CPU
		{D0C72370-D4F1-43AA-9D11-E8F2728DE2F5}.Debug|iPhoneSimulator.ActiveCfg = Debug|Any CPU
		{D0C72370-D4F1-43AA-9D11-E8F2728DE2F5}.Debug|iPhoneSimulator.Build.0 = Debug|Any CPU
		{D0C72370-D4F1-43AA-9D11-E8F2728DE2F5}.Release|iPhone.ActiveCfg = Release|Any CPU
		{D0C72370-D4F1-43AA-9D11-E8F2728DE2F5}.Release|iPhone.Build.0 = Release|Any CPU
		{D0C72370-D4F1-43AA-9D11-E8F2728DE2F5}.Release|iPhoneSimulator.ActiveCfg = Release|Any CPU
		{D0C72370-D4F1-43AA-9D11-E8F2728DE2F5}.Release|iPhoneSimulator.Build.0 = Release|Any CPU
		{D0C72370-D4F1-43AA-9D11-E8F2728DE2F5}.Debug|iPhone.ActiveCfg = Debug|Any CPU
		{D0C72370-D4F1-43AA-9D11-E8F2728DE2F5}.Debug|iPhone.Build.0 = Debug|Any CPU
		{516777E1-973A-4610-9783-62A45CDE798E}.Debug|Any CPU.ActiveCfg = Debug|Any CPU
		{516777E1-973A-4610-9783-62A45CDE798E}.Debug|Any CPU.Build.0 = Debug|Any CPU
		{516777E1-973A-4610-9783-62A45CDE798E}.Release|Any CPU.ActiveCfg = Release|Any CPU
		{516777E1-973A-4610-9783-62A45CDE798E}.Release|Any CPU.Build.0 = Release|Any CPU
		{516777E1-973A-4610-9783-62A45CDE798E}.Debug|iPhoneSimulator.ActiveCfg = Debug|Any CPU
		{516777E1-973A-4610-9783-62A45CDE798E}.Debug|iPhoneSimulator.Build.0 = Debug|Any CPU
		{516777E1-973A-4610-9783-62A45CDE798E}.Release|iPhone.ActiveCfg = Release|Any CPU
		{516777E1-973A-4610-9783-62A45CDE798E}.Release|iPhone.Build.0 = Release|Any CPU
		{516777E1-973A-4610-9783-62A45CDE798E}.Release|iPhoneSimulator.ActiveCfg = Release|Any CPU
		{516777E1-973A-4610-9783-62A45CDE798E}.Release|iPhoneSimulator.Build.0 = Release|Any CPU
		{516777E1-973A-4610-9783-62A45CDE798E}.Debug|iPhone.ActiveCfg = Debug|Any CPU
		{516777E1-973A-4610-9783-62A45CDE798E}.Debug|iPhone.Build.0 = Debug|Any CPU
		{8AF82B78-A883-4774-AE4A-79B6FCE1AA78}.Debug|Any CPU.ActiveCfg = Debug|Any CPU
		{8AF82B78-A883-4774-AE4A-79B6FCE1AA78}.Debug|Any CPU.Build.0 = Debug|Any CPU
		{8AF82B78-A883-4774-AE4A-79B6FCE1AA78}.Release|Any CPU.ActiveCfg = Release|Any CPU
		{8AF82B78-A883-4774-AE4A-79B6FCE1AA78}.Release|Any CPU.Build.0 = Release|Any CPU
		{8AF82B78-A883-4774-AE4A-79B6FCE1AA78}.Debug|iPhoneSimulator.ActiveCfg = Debug|Any CPU
		{8AF82B78-A883-4774-AE4A-79B6FCE1AA78}.Debug|iPhoneSimulator.Build.0 = Debug|Any CPU
		{8AF82B78-A883-4774-AE4A-79B6FCE1AA78}.Release|iPhone.ActiveCfg = Release|Any CPU
		{8AF82B78-A883-4774-AE4A-79B6FCE1AA78}.Release|iPhone.Build.0 = Release|Any CPU
		{8AF82B78-A883-4774-AE4A-79B6FCE1AA78}.Release|iPhoneSimulator.ActiveCfg = Release|Any CPU
		{8AF82B78-A883-4774-AE4A-79B6FCE1AA78}.Release|iPhoneSimulator.Build.0 = Release|Any CPU
		{8AF82B78-A883-4774-AE4A-79B6FCE1AA78}.Debug|iPhone.ActiveCfg = Debug|Any CPU
		{8AF82B78-A883-4774-AE4A-79B6FCE1AA78}.Debug|iPhone.Build.0 = Debug|Any CPU
		{D2258105-7278-455D-AFCF-9E04AF60D814}.Debug|Any CPU.ActiveCfg = Debug|iPhoneSimulator
		{D2258105-7278-455D-AFCF-9E04AF60D814}.Debug|Any CPU.Build.0 = Debug|iPhoneSimulator
		{D2258105-7278-455D-AFCF-9E04AF60D814}.Release|Any CPU.ActiveCfg = Release|iPhone
		{D2258105-7278-455D-AFCF-9E04AF60D814}.Release|Any CPU.Build.0 = Release|iPhone
		{D2258105-7278-455D-AFCF-9E04AF60D814}.Debug|iPhoneSimulator.ActiveCfg = Debug|iPhoneSimulator
		{D2258105-7278-455D-AFCF-9E04AF60D814}.Debug|iPhoneSimulator.Build.0 = Debug|iPhoneSimulator
		{D2258105-7278-455D-AFCF-9E04AF60D814}.Release|iPhone.ActiveCfg = Release|iPhone
		{D2258105-7278-455D-AFCF-9E04AF60D814}.Release|iPhone.Build.0 = Release|iPhone
		{D2258105-7278-455D-AFCF-9E04AF60D814}.Release|iPhoneSimulator.ActiveCfg = Release|iPhoneSimulator
		{D2258105-7278-455D-AFCF-9E04AF60D814}.Release|iPhoneSimulator.Build.0 = Release|iPhoneSimulator
		{D2258105-7278-455D-AFCF-9E04AF60D814}.Debug|iPhone.ActiveCfg = Debug|iPhone
		{D2258105-7278-455D-AFCF-9E04AF60D814}.Debug|iPhone.Build.0 = Debug|iPhone
		{75D10ED0-B784-4BAB-81E1-792D88126078}.Debug|Any CPU.ActiveCfg = Debug|Any CPU
		{75D10ED0-B784-4BAB-81E1-792D88126078}.Debug|Any CPU.Build.0 = Debug|Any CPU
		{75D10ED0-B784-4BAB-81E1-792D88126078}.Release|Any CPU.ActiveCfg = Release|Any CPU
		{75D10ED0-B784-4BAB-81E1-792D88126078}.Release|Any CPU.Build.0 = Release|Any CPU
		{75D10ED0-B784-4BAB-81E1-792D88126078}.Debug|iPhoneSimulator.ActiveCfg = Debug|Any CPU
		{75D10ED0-B784-4BAB-81E1-792D88126078}.Debug|iPhoneSimulator.Build.0 = Debug|Any CPU
		{75D10ED0-B784-4BAB-81E1-792D88126078}.Release|iPhone.ActiveCfg = Release|Any CPU
		{75D10ED0-B784-4BAB-81E1-792D88126078}.Release|iPhone.Build.0 = Release|Any CPU
		{75D10ED0-B784-4BAB-81E1-792D88126078}.Release|iPhoneSimulator.ActiveCfg = Release|Any CPU
		{75D10ED0-B784-4BAB-81E1-792D88126078}.Release|iPhoneSimulator.Build.0 = Release|Any CPU
		{75D10ED0-B784-4BAB-81E1-792D88126078}.Debug|iPhone.ActiveCfg = Debug|Any CPU
		{75D10ED0-B784-4BAB-81E1-792D88126078}.Debug|iPhone.Build.0 = Debug|Any CPU
		{EBF47729-9702-455F-9CD7-B608B2C68BA3}.Debug|Any CPU.ActiveCfg = Debug|Any CPU
		{EBF47729-9702-455F-9CD7-B608B2C68BA3}.Debug|Any CPU.Build.0 = Debug|Any CPU
		{EBF47729-9702-455F-9CD7-B608B2C68BA3}.Release|Any CPU.ActiveCfg = Release|Any CPU
		{EBF47729-9702-455F-9CD7-B608B2C68BA3}.Release|Any CPU.Build.0 = Release|Any CPU
		{EBF47729-9702-455F-9CD7-B608B2C68BA3}.Debug|iPhoneSimulator.ActiveCfg = Debug|Any CPU
		{EBF47729-9702-455F-9CD7-B608B2C68BA3}.Debug|iPhoneSimulator.Build.0 = Debug|Any CPU
		{EBF47729-9702-455F-9CD7-B608B2C68BA3}.Release|iPhone.ActiveCfg = Release|Any CPU
		{EBF47729-9702-455F-9CD7-B608B2C68BA3}.Release|iPhone.Build.0 = Release|Any CPU
		{EBF47729-9702-455F-9CD7-B608B2C68BA3}.Release|iPhoneSimulator.ActiveCfg = Release|Any CPU
		{EBF47729-9702-455F-9CD7-B608B2C68BA3}.Release|iPhoneSimulator.Build.0 = Release|Any CPU
		{EBF47729-9702-455F-9CD7-B608B2C68BA3}.Debug|iPhone.ActiveCfg = Debug|Any CPU
		{EBF47729-9702-455F-9CD7-B608B2C68BA3}.Debug|iPhone.Build.0 = Debug|Any CPU
	EndGlobalSection
	GlobalSection(NestedProjects) = preSolution
		{D0C72370-D4F1-43AA-9D11-E8F2728DE2F5} = {3BECC2EC-772B-4A8F-AE0B-4FCD071260C9}
		{BFE01070-FB79-4B8C-8FF9-387B95077F74} = {69C4F5D2-27E1-4B1B-B1F4-D4F39118B4CA}
		{E290173A-A1D1-4463-955B-760C5A7CCB51} = {DA04F551-7664-4B15-A2BF-3649D2A7DBA2}
		{889E65CC-78C7-48E5-9EE5-1FF8407EB631} = {DA04F551-7664-4B15-A2BF-3649D2A7DBA2}
		{61B6752D-EBFA-4AB3-80C4-3EC80F135BF1} = {9810BC26-DC99-4506-9E8D-7B9FE02D77F3}
		{3BECC2EC-772B-4A8F-AE0B-4FCD071260C9} = {69C4F5D2-27E1-4B1B-B1F4-D4F39118B4CA}
		{516777E1-973A-4610-9783-62A45CDE798E} = {3BECC2EC-772B-4A8F-AE0B-4FCD071260C9}
		{8AF82B78-A883-4774-AE4A-79B6FCE1AA78} = {BFE01070-FB79-4B8C-8FF9-387B95077F74}
		{D2258105-7278-455D-AFCF-9E04AF60D814} = {BFE01070-FB79-4B8C-8FF9-387B95077F74}
		{75D10ED0-B784-4BAB-81E1-792D88126078} = {9810BC26-DC99-4506-9E8D-7B9FE02D77F3}
		{EBF47729-9702-455F-9CD7-B608B2C68BA3} = {9810BC26-DC99-4506-9E8D-7B9FE02D77F3}
	EndGlobalSection
EndGlobal
