
Microsoft Visual Studio Solution File, Format Version 12.00
# Visual Studio 2012
Project("{FAE04EC0-301F-11D3-BF4B-00C04F79EFBC}") = "Mambo", "Mambo\Mambo.csproj", "{61B6752D-EBFA-4AB3-80C4-3EC80F135BF1}"
EndProject
Project("{FAE04EC0-301F-11D3-BF4B-00C04F79EFBC}") = "Mambo.iOS", "iOS\Mambo.iOS.csproj", "{889E65CC-78C7-48E5-9EE5-1FF8407EB631}"
EndProject
Project("{FAE04EC0-301F-11D3-BF4B-00C04F79EFBC}") = "Mambo.Android", "Android\Mambo.Android.csproj", "{E290173A-A1D1-4463-955B-760C5A7CCB51}"
EndProject
Project("{FAE04EC0-301F-11D3-BF4B-00C04F79EFBC}") = "Mambo.UITests", "UITests\Mambo.UITests.csproj", "{D0C72370-D4F1-43AA-9D11-E8F2728DE2F5}"
EndProject
Project("{2150E333-8FDC-42A3-9474-1A3956D46DE8}") = "XunitTestsTargets", "XunitTestsTargets", "{BFE01070-FB79-4B8C-8FF9-387B95077F74}"
EndProject
Project("{2150E333-8FDC-42A3-9474-1A3956D46DE8}") = "Targets", "Targets", "{DA04F551-7664-4B15-A2BF-3649D2A7DBA2}"
EndProject
Project("{2150E333-8FDC-42A3-9474-1A3956D46DE8}") = "Shared", "Shared", "{9810BC26-DC99-4506-9E8D-7B9FE02D77F3}"
EndProject
Project("{FAE04EC0-301F-11D3-BF4B-00C04F79EFBC}") = "Mambo.FunctionalTests", "Mambo.FunctionalTests\Mambo.FunctionalTests.csproj", "{516777E1-973A-4610-9783-62A45CDE798E}"
EndProject
Project("{FAE04EC0-301F-11D3-BF4B-00C04F79EFBC}") = "Mambo.FunctionalTests.Android", "Mambo.FunctionalTests.Android\Mambo.FunctionalTests.Android.csproj", "{8AF82B78-A883-4774-AE4A-79B6FCE1AA78}"
EndProject
Project("{FAE04EC0-301F-11D3-BF4B-00C04F79EFBC}") = "Mambo.FunctionalTests.iOS", "Mambo.FunctionalTests.iOS\Mambo.FunctionalTests.iOS.csproj", "{D2258105-7278-455D-AFCF-9E04AF60D814}"
EndProject
Project("{FAE04EC0-301F-11D3-BF4B-00C04F79EFBC}") = "Mobishop.UI", "Mobishop.UI\Mobishop.UI.csproj", "{EBF47729-9702-455F-9CD7-B608B2C68BA3}"
EndProject
Project("{2150E333-8FDC-42A3-9474-1A3956D46DE8}") = "Domain", "Domain", "{14A63180-2C72-433A-9B3A-F03BDEAAA042}"
EndProject
Project("{2150E333-8FDC-42A3-9474-1A3956D46DE8}") = "Infrastructure", "Infrastructure", "{B9EA6290-62E2-4954-BCD0-AE87859A0819}"
EndProject
Project("{FAE04EC0-301F-11D3-BF4B-00C04F79EFBC}") = "Mobishop.Domain", "Mobishop.Domain\Mobishop.Domain.csproj", "{2C41EDD7-38F6-4E9B-B710-B9B57E668602}"
EndProject
Project("{FAE04EC0-301F-11D3-BF4B-00C04F79EFBC}") = "Mobishop.Domain.UnitTests", "Mobishop.Domain.UnitTests\Mobishop.Domain.UnitTests.csproj", "{B08B7405-2F8F-4047-B2B8-68DA853A092C}"
EndProject
Project("{FAE04EC0-301F-11D3-BF4B-00C04F79EFBC}") = "Mobishop.Infrastructure.Framework", "Mobishop.Infrastructure.Framework\Mobishop.Infrastructure.Framework.csproj", "{48F5EC4A-1F80-479B-A0A5-94CE5D990AD7}"
EndProject
Project("{FAE04EC0-301F-11D3-BF4B-00C04F79EFBC}") = "Mobishop.Infrastructure.Repositories", "Mobishop.Infrastructure.Repositories\Mobishop.Infrastructure.Repositories.csproj", "{D9C41D40-CBA7-4ABE-98B3-F4FA97E79B14}"
EndProject
Project("{FAE04EC0-301F-11D3-BF4B-00C04F79EFBC}") = "Mobishop.Infrastructure.Repositories.UnitTests", "Mobishop.Infrastructure.Repositories.UnitTests\Mobishop.Infrastructure.Repositories.UnitTests.csproj", "{CC5BCB06-231D-435E-BCE1-0F9A97658AF6}"
EndProject
Global
	GlobalSection(SolutionConfigurationPlatforms) = preSolution
		Debug|Any CPU = Debug|Any CPU
		Release|Any CPU = Release|Any CPU
		Debug|iPhoneSimulator = Debug|iPhoneSimulator
		Release|iPhone = Release|iPhone
		Release|iPhoneSimulator = Release|iPhoneSimulator
		Debug|iPhone = Debug|iPhone
	EndGlobalSection
	GlobalSection(ProjectConfigurationPlatforms) = postSolution
		{61B6752D-EBFA-4AB3-80C4-3EC80F135BF1}.Debug|Any CPU.ActiveCfg = Debug|Any CPU
		{61B6752D-EBFA-4AB3-80C4-3EC80F135BF1}.Debug|Any CPU.Build.0 = Debug|Any CPU
		{61B6752D-EBFA-4AB3-80C4-3EC80F135BF1}.Release|Any CPU.ActiveCfg = Release|Any CPU
		{61B6752D-EBFA-4AB3-80C4-3EC80F135BF1}.Release|Any CPU.Build.0 = Release|Any CPU
		{61B6752D-EBFA-4AB3-80C4-3EC80F135BF1}.Debug|iPhoneSimulator.ActiveCfg = Debug|Any CPU
		{61B6752D-EBFA-4AB3-80C4-3EC80F135BF1}.Debug|iPhoneSimulator.Build.0 = Debug|Any CPU
		{61B6752D-EBFA-4AB3-80C4-3EC80F135BF1}.Release|iPhone.ActiveCfg = Release|Any CPU
		{61B6752D-EBFA-4AB3-80C4-3EC80F135BF1}.Release|iPhone.Build.0 = Release|Any CPU
		{61B6752D-EBFA-4AB3-80C4-3EC80F135BF1}.Release|iPhoneSimulator.ActiveCfg = Release|Any CPU
		{61B6752D-EBFA-4AB3-80C4-3EC80F135BF1}.Release|iPhoneSimulator.Build.0 = Release|Any CPU
		{61B6752D-EBFA-4AB3-80C4-3EC80F135BF1}.Debug|iPhone.ActiveCfg = Debug|Any CPU
		{61B6752D-EBFA-4AB3-80C4-3EC80F135BF1}.Debug|iPhone.Build.0 = Debug|Any CPU
		{889E65CC-78C7-48E5-9EE5-1FF8407EB631}.Debug|Any CPU.ActiveCfg = Debug|iPhoneSimulator
		{889E65CC-78C7-48E5-9EE5-1FF8407EB631}.Debug|Any CPU.Build.0 = Debug|iPhoneSimulator
		{889E65CC-78C7-48E5-9EE5-1FF8407EB631}.Release|Any CPU.ActiveCfg = Debug|iPhoneSimulator
		{889E65CC-78C7-48E5-9EE5-1FF8407EB631}.Release|Any CPU.Build.0 = Debug|iPhoneSimulator
		{889E65CC-78C7-48E5-9EE5-1FF8407EB631}.Debug|iPhoneSimulator.ActiveCfg = Debug|iPhoneSimulator
		{889E65CC-78C7-48E5-9EE5-1FF8407EB631}.Debug|iPhoneSimulator.Build.0 = Debug|iPhoneSimulator
		{889E65CC-78C7-48E5-9EE5-1FF8407EB631}.Release|iPhone.ActiveCfg = Release|iPhone
		{889E65CC-78C7-48E5-9EE5-1FF8407EB631}.Release|iPhone.Build.0 = Release|iPhone
		{889E65CC-78C7-48E5-9EE5-1FF8407EB631}.Release|iPhoneSimulator.ActiveCfg = Release|iPhoneSimulator
		{889E65CC-78C7-48E5-9EE5-1FF8407EB631}.Release|iPhoneSimulator.Build.0 = Release|iPhoneSimulator
		{889E65CC-78C7-48E5-9EE5-1FF8407EB631}.Debug|iPhone.ActiveCfg = Debug|iPhone
		{889E65CC-78C7-48E5-9EE5-1FF8407EB631}.Debug|iPhone.Build.0 = Debug|iPhone
		{E290173A-A1D1-4463-955B-760C5A7CCB51}.Debug|Any CPU.ActiveCfg = Debug|Any CPU
		{E290173A-A1D1-4463-955B-760C5A7CCB51}.Debug|Any CPU.Build.0 = Debug|Any CPU
		{E290173A-A1D1-4463-955B-760C5A7CCB51}.Release|Any CPU.ActiveCfg = Release|Any CPU
		{E290173A-A1D1-4463-955B-760C5A7CCB51}.Release|Any CPU.Build.0 = Release|Any CPU
		{E290173A-A1D1-4463-955B-760C5A7CCB51}.Debug|iPhoneSimulator.ActiveCfg = Debug|Any CPU
		{E290173A-A1D1-4463-955B-760C5A7CCB51}.Debug|iPhoneSimulator.Build.0 = Debug|Any CPU
		{E290173A-A1D1-4463-955B-760C5A7CCB51}.Release|iPhone.ActiveCfg = Release|Any CPU
		{E290173A-A1D1-4463-955B-760C5A7CCB51}.Release|iPhone.Build.0 = Release|Any CPU
		{E290173A-A1D1-4463-955B-760C5A7CCB51}.Release|iPhoneSimulator.ActiveCfg = Release|Any CPU
		{E290173A-A1D1-4463-955B-760C5A7CCB51}.Release|iPhoneSimulator.Build.0 = Release|Any CPU
		{E290173A-A1D1-4463-955B-760C5A7CCB51}.Debug|iPhone.ActiveCfg = Debug|Any CPU
		{E290173A-A1D1-4463-955B-760C5A7CCB51}.Debug|iPhone.Build.0 = Debug|Any CPU
		{D0C72370-D4F1-43AA-9D11-E8F2728DE2F5}.Debug|Any CPU.ActiveCfg = Debug|Any CPU
		{D0C72370-D4F1-43AA-9D11-E8F2728DE2F5}.Debug|Any CPU.Build.0 = Debug|Any CPU
		{D0C72370-D4F1-43AA-9D11-E8F2728DE2F5}.Release|Any CPU.ActiveCfg = Release|Any CPU
		{D0C72370-D4F1-43AA-9D11-E8F2728DE2F5}.Release|Any CPU.Build.0 = Release|Any CPU
		{D0C72370-D4F1-43AA-9D11-E8F2728DE2F5}.Debug|iPhoneSimulator.ActiveCfg = Debug|Any CPU
		{D0C72370-D4F1-43AA-9D11-E8F2728DE2F5}.Debug|iPhoneSimulator.Build.0 = Debug|Any CPU
		{D0C72370-D4F1-43AA-9D11-E8F2728DE2F5}.Release|iPhone.ActiveCfg = Release|Any CPU
		{D0C72370-D4F1-43AA-9D11-E8F2728DE2F5}.Release|iPhone.Build.0 = Release|Any CPU
		{D0C72370-D4F1-43AA-9D11-E8F2728DE2F5}.Release|iPhoneSimulator.ActiveCfg = Release|Any CPU
		{D0C72370-D4F1-43AA-9D11-E8F2728DE2F5}.Release|iPhoneSimulator.Build.0 = Release|Any CPU
		{D0C72370-D4F1-43AA-9D11-E8F2728DE2F5}.Debug|iPhone.ActiveCfg = Debug|Any CPU
		{D0C72370-D4F1-43AA-9D11-E8F2728DE2F5}.Debug|iPhone.Build.0 = Debug|Any CPU
		{516777E1-973A-4610-9783-62A45CDE798E}.Debug|Any CPU.ActiveCfg = Debug|Any CPU
		{516777E1-973A-4610-9783-62A45CDE798E}.Debug|Any CPU.Build.0 = Debug|Any CPU
		{516777E1-973A-4610-9783-62A45CDE798E}.Release|Any CPU.ActiveCfg = Release|Any CPU
		{516777E1-973A-4610-9783-62A45CDE798E}.Release|Any CPU.Build.0 = Release|Any CPU
		{516777E1-973A-4610-9783-62A45CDE798E}.Debug|iPhoneSimulator.ActiveCfg = Debug|Any CPU
		{516777E1-973A-4610-9783-62A45CDE798E}.Debug|iPhoneSimulator.Build.0 = Debug|Any CPU
		{516777E1-973A-4610-9783-62A45CDE798E}.Release|iPhone.ActiveCfg = Release|Any CPU
		{516777E1-973A-4610-9783-62A45CDE798E}.Release|iPhone.Build.0 = Release|Any CPU
		{516777E1-973A-4610-9783-62A45CDE798E}.Release|iPhoneSimulator.ActiveCfg = Release|Any CPU
		{516777E1-973A-4610-9783-62A45CDE798E}.Release|iPhoneSimulator.Build.0 = Release|Any CPU
		{516777E1-973A-4610-9783-62A45CDE798E}.Debug|iPhone.ActiveCfg = Debug|Any CPU
		{516777E1-973A-4610-9783-62A45CDE798E}.Debug|iPhone.Build.0 = Debug|Any CPU
		{8AF82B78-A883-4774-AE4A-79B6FCE1AA78}.Debug|Any CPU.ActiveCfg = Debug|Any CPU
		{8AF82B78-A883-4774-AE4A-79B6FCE1AA78}.Debug|Any CPU.Build.0 = Debug|Any CPU
		{8AF82B78-A883-4774-AE4A-79B6FCE1AA78}.Release|Any CPU.ActiveCfg = Release|Any CPU
		{8AF82B78-A883-4774-AE4A-79B6FCE1AA78}.Release|Any CPU.Build.0 = Release|Any CPU
		{8AF82B78-A883-4774-AE4A-79B6FCE1AA78}.Debug|iPhoneSimulator.ActiveCfg = Debug|Any CPU
		{8AF82B78-A883-4774-AE4A-79B6FCE1AA78}.Debug|iPhoneSimulator.Build.0 = Debug|Any CPU
		{8AF82B78-A883-4774-AE4A-79B6FCE1AA78}.Release|iPhone.ActiveCfg = Release|Any CPU
		{8AF82B78-A883-4774-AE4A-79B6FCE1AA78}.Release|iPhone.Build.0 = Release|Any CPU
		{8AF82B78-A883-4774-AE4A-79B6FCE1AA78}.Release|iPhoneSimulator.ActiveCfg = Release|Any CPU
		{8AF82B78-A883-4774-AE4A-79B6FCE1AA78}.Release|iPhoneSimulator.Build.0 = Release|Any CPU
		{8AF82B78-A883-4774-AE4A-79B6FCE1AA78}.Debug|iPhone.ActiveCfg = Debug|Any CPU
		{8AF82B78-A883-4774-AE4A-79B6FCE1AA78}.Debug|iPhone.Build.0 = Debug|Any CPU
		{D2258105-7278-455D-AFCF-9E04AF60D814}.Debug|Any CPU.ActiveCfg = Debug|iPhoneSimulator
		{D2258105-7278-455D-AFCF-9E04AF60D814}.Debug|Any CPU.Build.0 = Debug|iPhoneSimulator
		{D2258105-7278-455D-AFCF-9E04AF60D814}.Release|Any CPU.ActiveCfg = Release|iPhone
		{D2258105-7278-455D-AFCF-9E04AF60D814}.Release|Any CPU.Build.0 = Release|iPhone
		{D2258105-7278-455D-AFCF-9E04AF60D814}.Debug|iPhoneSimulator.ActiveCfg = Debug|iPhoneSimulator
		{D2258105-7278-455D-AFCF-9E04AF60D814}.Debug|iPhoneSimulator.Build.0 = Debug|iPhoneSimulator
		{D2258105-7278-455D-AFCF-9E04AF60D814}.Release|iPhone.ActiveCfg = Release|iPhone
		{D2258105-7278-455D-AFCF-9E04AF60D814}.Release|iPhone.Build.0 = Release|iPhone
		{D2258105-7278-455D-AFCF-9E04AF60D814}.Release|iPhoneSimulator.ActiveCfg = Release|iPhoneSimulator
		{D2258105-7278-455D-AFCF-9E04AF60D814}.Release|iPhoneSimulator.Build.0 = Release|iPhoneSimulator
		{D2258105-7278-455D-AFCF-9E04AF60D814}.Debug|iPhone.ActiveCfg = Debug|iPhone
		{D2258105-7278-455D-AFCF-9E04AF60D814}.Debug|iPhone.Build.0 = Debug|iPhone
		{EBF47729-9702-455F-9CD7-B608B2C68BA3}.Debug|Any CPU.ActiveCfg = Debug|Any CPU
		{EBF47729-9702-455F-9CD7-B608B2C68BA3}.Debug|Any CPU.Build.0 = Debug|Any CPU
		{EBF47729-9702-455F-9CD7-B608B2C68BA3}.Release|Any CPU.ActiveCfg = Release|Any CPU
		{EBF47729-9702-455F-9CD7-B608B2C68BA3}.Release|Any CPU.Build.0 = Release|Any CPU
		{EBF47729-9702-455F-9CD7-B608B2C68BA3}.Debug|iPhoneSimulator.ActiveCfg = Debug|Any CPU
		{EBF47729-9702-455F-9CD7-B608B2C68BA3}.Debug|iPhoneSimulator.Build.0 = Debug|Any CPU
		{EBF47729-9702-455F-9CD7-B608B2C68BA3}.Release|iPhone.ActiveCfg = Release|Any CPU
		{EBF47729-9702-455F-9CD7-B608B2C68BA3}.Release|iPhone.Build.0 = Release|Any CPU
		{EBF47729-9702-455F-9CD7-B608B2C68BA3}.Release|iPhoneSimulator.ActiveCfg = Release|Any CPU
		{EBF47729-9702-455F-9CD7-B608B2C68BA3}.Release|iPhoneSimulator.Build.0 = Release|Any CPU
		{EBF47729-9702-455F-9CD7-B608B2C68BA3}.Debug|iPhone.ActiveCfg = Debug|Any CPU
		{EBF47729-9702-455F-9CD7-B608B2C68BA3}.Debug|iPhone.Build.0 = Debug|Any CPU
		{2C41EDD7-38F6-4E9B-B710-B9B57E668602}.Debug|Any CPU.ActiveCfg = Debug|Any CPU
		{2C41EDD7-38F6-4E9B-B710-B9B57E668602}.Debug|Any CPU.Build.0 = Debug|Any CPU
		{2C41EDD7-38F6-4E9B-B710-B9B57E668602}.Release|Any CPU.ActiveCfg = Release|Any CPU
		{2C41EDD7-38F6-4E9B-B710-B9B57E668602}.Release|Any CPU.Build.0 = Release|Any CPU
		{2C41EDD7-38F6-4E9B-B710-B9B57E668602}.Debug|iPhoneSimulator.ActiveCfg = Debug|Any CPU
		{2C41EDD7-38F6-4E9B-B710-B9B57E668602}.Debug|iPhoneSimulator.Build.0 = Debug|Any CPU
		{2C41EDD7-38F6-4E9B-B710-B9B57E668602}.Release|iPhone.ActiveCfg = Release|Any CPU
		{2C41EDD7-38F6-4E9B-B710-B9B57E668602}.Release|iPhone.Build.0 = Release|Any CPU
		{2C41EDD7-38F6-4E9B-B710-B9B57E668602}.Release|iPhoneSimulator.ActiveCfg = Release|Any CPU
		{2C41EDD7-38F6-4E9B-B710-B9B57E668602}.Release|iPhoneSimulator.Build.0 = Release|Any CPU
		{2C41EDD7-38F6-4E9B-B710-B9B57E668602}.Debug|iPhone.ActiveCfg = Debug|Any CPU
		{2C41EDD7-38F6-4E9B-B710-B9B57E668602}.Debug|iPhone.Build.0 = Debug|Any CPU
		{B08B7405-2F8F-4047-B2B8-68DA853A092C}.Debug|Any CPU.ActiveCfg = Debug|Any CPU
		{B08B7405-2F8F-4047-B2B8-68DA853A092C}.Debug|Any CPU.Build.0 = Debug|Any CPU
		{B08B7405-2F8F-4047-B2B8-68DA853A092C}.Release|Any CPU.ActiveCfg = Release|Any CPU
		{B08B7405-2F8F-4047-B2B8-68DA853A092C}.Release|Any CPU.Build.0 = Release|Any CPU
		{B08B7405-2F8F-4047-B2B8-68DA853A092C}.Debug|iPhoneSimulator.ActiveCfg = Debug|Any CPU
		{B08B7405-2F8F-4047-B2B8-68DA853A092C}.Debug|iPhoneSimulator.Build.0 = Debug|Any CPU
		{B08B7405-2F8F-4047-B2B8-68DA853A092C}.Release|iPhone.ActiveCfg = Release|Any CPU
		{B08B7405-2F8F-4047-B2B8-68DA853A092C}.Release|iPhone.Build.0 = Release|Any CPU
		{B08B7405-2F8F-4047-B2B8-68DA853A092C}.Release|iPhoneSimulator.ActiveCfg = Release|Any CPU
		{B08B7405-2F8F-4047-B2B8-68DA853A092C}.Release|iPhoneSimulator.Build.0 = Release|Any CPU
		{B08B7405-2F8F-4047-B2B8-68DA853A092C}.Debug|iPhone.ActiveCfg = Debug|Any CPU
		{B08B7405-2F8F-4047-B2B8-68DA853A092C}.Debug|iPhone.Build.0 = Debug|Any CPU
		{48F5EC4A-1F80-479B-A0A5-94CE5D990AD7}.Debug|Any CPU.ActiveCfg = Debug|Any CPU
		{48F5EC4A-1F80-479B-A0A5-94CE5D990AD7}.Debug|Any CPU.Build.0 = Debug|Any CPU
		{48F5EC4A-1F80-479B-A0A5-94CE5D990AD7}.Release|Any CPU.ActiveCfg = Release|Any CPU
		{48F5EC4A-1F80-479B-A0A5-94CE5D990AD7}.Release|Any CPU.Build.0 = Release|Any CPU
		{48F5EC4A-1F80-479B-A0A5-94CE5D990AD7}.Debug|iPhoneSimulator.ActiveCfg = Debug|Any CPU
		{48F5EC4A-1F80-479B-A0A5-94CE5D990AD7}.Debug|iPhoneSimulator.Build.0 = Debug|Any CPU
		{48F5EC4A-1F80-479B-A0A5-94CE5D990AD7}.Release|iPhone.ActiveCfg = Release|Any CPU
		{48F5EC4A-1F80-479B-A0A5-94CE5D990AD7}.Release|iPhone.Build.0 = Release|Any CPU
		{48F5EC4A-1F80-479B-A0A5-94CE5D990AD7}.Release|iPhoneSimulator.ActiveCfg = Release|Any CPU
		{48F5EC4A-1F80-479B-A0A5-94CE5D990AD7}.Release|iPhoneSimulator.Build.0 = Release|Any CPU
		{48F5EC4A-1F80-479B-A0A5-94CE5D990AD7}.Debug|iPhone.ActiveCfg = Debug|Any CPU
		{48F5EC4A-1F80-479B-A0A5-94CE5D990AD7}.Debug|iPhone.Build.0 = Debug|Any CPU
		{D9C41D40-CBA7-4ABE-98B3-F4FA97E79B14}.Debug|Any CPU.ActiveCfg = Debug|Any CPU
		{D9C41D40-CBA7-4ABE-98B3-F4FA97E79B14}.Debug|Any CPU.Build.0 = Debug|Any CPU
		{D9C41D40-CBA7-4ABE-98B3-F4FA97E79B14}.Release|Any CPU.ActiveCfg = Release|Any CPU
		{D9C41D40-CBA7-4ABE-98B3-F4FA97E79B14}.Release|Any CPU.Build.0 = Release|Any CPU
		{D9C41D40-CBA7-4ABE-98B3-F4FA97E79B14}.Debug|iPhoneSimulator.ActiveCfg = Debug|Any CPU
		{D9C41D40-CBA7-4ABE-98B3-F4FA97E79B14}.Debug|iPhoneSimulator.Build.0 = Debug|Any CPU
		{D9C41D40-CBA7-4ABE-98B3-F4FA97E79B14}.Release|iPhone.ActiveCfg = Release|Any CPU
		{D9C41D40-CBA7-4ABE-98B3-F4FA97E79B14}.Release|iPhone.Build.0 = Release|Any CPU
		{D9C41D40-CBA7-4ABE-98B3-F4FA97E79B14}.Release|iPhoneSimulator.ActiveCfg = Release|Any CPU
		{D9C41D40-CBA7-4ABE-98B3-F4FA97E79B14}.Release|iPhoneSimulator.Build.0 = Release|Any CPU
		{D9C41D40-CBA7-4ABE-98B3-F4FA97E79B14}.Debug|iPhone.ActiveCfg = Debug|Any CPU
		{D9C41D40-CBA7-4ABE-98B3-F4FA97E79B14}.Debug|iPhone.Build.0 = Debug|Any CPU
		{CC5BCB06-231D-435E-BCE1-0F9A97658AF6}.Debug|Any CPU.ActiveCfg = Debug|Any CPU
		{CC5BCB06-231D-435E-BCE1-0F9A97658AF6}.Debug|Any CPU.Build.0 = Debug|Any CPU
		{CC5BCB06-231D-435E-BCE1-0F9A97658AF6}.Release|Any CPU.ActiveCfg = Release|Any CPU
		{CC5BCB06-231D-435E-BCE1-0F9A97658AF6}.Release|Any CPU.Build.0 = Release|Any CPU
		{CC5BCB06-231D-435E-BCE1-0F9A97658AF6}.Debug|iPhoneSimulator.ActiveCfg = Debug|Any CPU
		{CC5BCB06-231D-435E-BCE1-0F9A97658AF6}.Debug|iPhoneSimulator.Build.0 = Debug|Any CPU
		{CC5BCB06-231D-435E-BCE1-0F9A97658AF6}.Release|iPhone.ActiveCfg = Release|Any CPU
		{CC5BCB06-231D-435E-BCE1-0F9A97658AF6}.Release|iPhone.Build.0 = Release|Any CPU
		{CC5BCB06-231D-435E-BCE1-0F9A97658AF6}.Release|iPhoneSimulator.ActiveCfg = Release|Any CPU
		{CC5BCB06-231D-435E-BCE1-0F9A97658AF6}.Release|iPhoneSimulator.Build.0 = Release|Any CPU
		{CC5BCB06-231D-435E-BCE1-0F9A97658AF6}.Debug|iPhone.ActiveCfg = Debug|Any CPU
		{CC5BCB06-231D-435E-BCE1-0F9A97658AF6}.Debug|iPhone.Build.0 = Debug|Any CPU
	EndGlobalSection
	GlobalSection(NestedProjects) = preSolution
		{BFE01070-FB79-4B8C-8FF9-387B95077F74} = {B9EA6290-62E2-4954-BCD0-AE87859A0819}
		{E290173A-A1D1-4463-955B-760C5A7CCB51} = {DA04F551-7664-4B15-A2BF-3649D2A7DBA2}
		{889E65CC-78C7-48E5-9EE5-1FF8407EB631} = {DA04F551-7664-4B15-A2BF-3649D2A7DBA2}
		{516777E1-973A-4610-9783-62A45CDE798E} = {B9EA6290-62E2-4954-BCD0-AE87859A0819}
		{8AF82B78-A883-4774-AE4A-79B6FCE1AA78} = {BFE01070-FB79-4B8C-8FF9-387B95077F74}
		{D2258105-7278-455D-AFCF-9E04AF60D814} = {BFE01070-FB79-4B8C-8FF9-387B95077F74}
		{2C41EDD7-38F6-4E9B-B710-B9B57E668602} = {14A63180-2C72-433A-9B3A-F03BDEAAA042}
		{B08B7405-2F8F-4047-B2B8-68DA853A092C} = {14A63180-2C72-433A-9B3A-F03BDEAAA042}
		{48F5EC4A-1F80-479B-A0A5-94CE5D990AD7} = {B9EA6290-62E2-4954-BCD0-AE87859A0819}
		{D9C41D40-CBA7-4ABE-98B3-F4FA97E79B14} = {B9EA6290-62E2-4954-BCD0-AE87859A0819}
		{CC5BCB06-231D-435E-BCE1-0F9A97658AF6} = {B9EA6290-62E2-4954-BCD0-AE87859A0819}
	EndGlobalSection
EndGlobal
